// !$*UTF8*$!
{
	archiveVersion = 1;
	classes = {
	};
	objectVersion = 51;
	objects = {

/* Begin PBXBuildFile section */
		169AA86D254AC468001F043F /* AppDelegate.swift in Sources */ = {isa = PBXBuildFile; fileRef = 169AA86C254AC468001F043F /* AppDelegate.swift */; };
		169AA86F254AC468001F043F /* SceneDelegate.swift in Sources */ = {isa = PBXBuildFile; fileRef = 169AA86E254AC468001F043F /* SceneDelegate.swift */; };
		169AA871254AC468001F043F /* SearchStargazersViewController.swift in Sources */ = {isa = PBXBuildFile; fileRef = 169AA870254AC468001F043F /* SearchStargazersViewController.swift */; };
		169AA874254AC469001F043F /* Main.storyboard in Resources */ = {isa = PBXBuildFile; fileRef = 169AA872254AC469001F043F /* Main.storyboard */; };
		169AA876254AC469001F043F /* Assets.xcassets in Resources */ = {isa = PBXBuildFile; fileRef = 169AA875254AC469001F043F /* Assets.xcassets */; };
		169AA879254AC469001F043F /* LaunchScreen.storyboard in Resources */ = {isa = PBXBuildFile; fileRef = 169AA877254AC469001F043F /* LaunchScreen.storyboard */; };
		169AA884254AC469001F043F /* Github_StargazersTests.swift in Sources */ = {isa = PBXBuildFile; fileRef = 169AA883254AC469001F043F /* Github_StargazersTests.swift */; };
		169AA88F254AC46A001F043F /* Github_StargazersUITests.swift in Sources */ = {isa = PBXBuildFile; fileRef = 169AA88E254AC46A001F043F /* Github_StargazersUITests.swift */; };
		16A6ED58254AEB6700E54F1A /* StarredUsersListViewController.swift in Sources */ = {isa = PBXBuildFile; fileRef = 16A6ED57254AEB6700E54F1A /* StarredUsersListViewController.swift */; };
		16A6ED5F254AF3F000E54F1A /* User.swift in Sources */ = {isa = PBXBuildFile; fileRef = 16A6ED5E254AF3F000E54F1A /* User.swift */; };
		68E7F370B3E258275105D969 /* Pods_Github_StargazersTests.framework in Frameworks */ = {isa = PBXBuildFile; fileRef = D7487A7E49294BF819898E04 /* Pods_Github_StargazersTests.framework */; };
		715430D409DD91D98DDC3E66 /* Pods_Github_Stargazers.framework in Frameworks */ = {isa = PBXBuildFile; fileRef = F671D64CF5CC4D0D22467E9E /* Pods_Github_Stargazers.framework */; };
		B281028B333815D1564D7D92 /* Pods_Github_Stargazers_Github_StargazersUITests.framework in Frameworks */ = {isa = PBXBuildFile; fileRef = C7697F2073000EAC3F632AE5 /* Pods_Github_Stargazers_Github_StargazersUITests.framework */; };
/* End PBXBuildFile section */

/* Begin PBXContainerItemProxy section */
		169AA880254AC469001F043F /* PBXContainerItemProxy */ = {
			isa = PBXContainerItemProxy;
			containerPortal = 169AA861254AC468001F043F /* Project object */;
			proxyType = 1;
			remoteGlobalIDString = 169AA868254AC468001F043F;
			remoteInfo = "Github Stargazers";
		};
		169AA88B254AC46A001F043F /* PBXContainerItemProxy */ = {
			isa = PBXContainerItemProxy;
			containerPortal = 169AA861254AC468001F043F /* Project object */;
			proxyType = 1;
			remoteGlobalIDString = 169AA868254AC468001F043F;
			remoteInfo = "Github Stargazers";
		};
/* End PBXContainerItemProxy section */

/* Begin PBXFileReference section */
		169AA869254AC468001F043F /* Github Stargazers.app */ = {isa = PBXFileReference; explicitFileType = wrapper.application; includeInIndex = 0; path = "Github Stargazers.app"; sourceTree = BUILT_PRODUCTS_DIR; };
		169AA86C254AC468001F043F /* AppDelegate.swift */ = {isa = PBXFileReference; lastKnownFileType = sourcecode.swift; path = AppDelegate.swift; sourceTree = "<group>"; };
		169AA86E254AC468001F043F /* SceneDelegate.swift */ = {isa = PBXFileReference; lastKnownFileType = sourcecode.swift; path = SceneDelegate.swift; sourceTree = "<group>"; };
		169AA870254AC468001F043F /* SearchStargazersViewController.swift */ = {isa = PBXFileReference; lastKnownFileType = sourcecode.swift; path = SearchStargazersViewController.swift; sourceTree = "<group>"; };
		169AA873254AC469001F043F /* Base */ = {isa = PBXFileReference; lastKnownFileType = file.storyboard; name = Base; path = Base.lproj/Main.storyboard; sourceTree = "<group>"; };
		169AA875254AC469001F043F /* Assets.xcassets */ = {isa = PBXFileReference; lastKnownFileType = folder.assetcatalog; path = Assets.xcassets; sourceTree = "<group>"; };
		169AA878254AC469001F043F /* Base */ = {isa = PBXFileReference; lastKnownFileType = file.storyboard; name = Base; path = Base.lproj/LaunchScreen.storyboard; sourceTree = "<group>"; };
		169AA87A254AC469001F043F /* Info.plist */ = {isa = PBXFileReference; lastKnownFileType = text.plist.xml; path = Info.plist; sourceTree = "<group>"; };
		169AA87F254AC469001F043F /* Github StargazersTests.xctest */ = {isa = PBXFileReference; explicitFileType = wrapper.cfbundle; includeInIndex = 0; path = "Github StargazersTests.xctest"; sourceTree = BUILT_PRODUCTS_DIR; };
		169AA883254AC469001F043F /* Github_StargazersTests.swift */ = {isa = PBXFileReference; lastKnownFileType = sourcecode.swift; path = Github_StargazersTests.swift; sourceTree = "<group>"; };
		169AA885254AC469001F043F /* Info.plist */ = {isa = PBXFileReference; lastKnownFileType = text.plist.xml; path = Info.plist; sourceTree = "<group>"; };
		169AA88A254AC46A001F043F /* Github StargazersUITests.xctest */ = {isa = PBXFileReference; explicitFileType = wrapper.cfbundle; includeInIndex = 0; path = "Github StargazersUITests.xctest"; sourceTree = BUILT_PRODUCTS_DIR; };
		169AA88E254AC46A001F043F /* Github_StargazersUITests.swift */ = {isa = PBXFileReference; lastKnownFileType = sourcecode.swift; path = Github_StargazersUITests.swift; sourceTree = "<group>"; };
		169AA890254AC46A001F043F /* Info.plist */ = {isa = PBXFileReference; lastKnownFileType = text.plist.xml; path = Info.plist; sourceTree = "<group>"; };
		16A6ED57254AEB6700E54F1A /* StarredUsersListViewController.swift */ = {isa = PBXFileReference; lastKnownFileType = sourcecode.swift; path = StarredUsersListViewController.swift; sourceTree = "<group>"; };
		16A6ED5E254AF3F000E54F1A /* User.swift */ = {isa = PBXFileReference; lastKnownFileType = sourcecode.swift; path = User.swift; sourceTree = "<group>"; };
		4665858CEF17751C8746E073 /* Pods-Github Stargazers-Github StargazersUITests.release.xcconfig */ = {isa = PBXFileReference; includeInIndex = 1; lastKnownFileType = text.xcconfig; name = "Pods-Github Stargazers-Github StargazersUITests.release.xcconfig"; path = "Target Support Files/Pods-Github Stargazers-Github StargazersUITests/Pods-Github Stargazers-Github StargazersUITests.release.xcconfig"; sourceTree = "<group>"; };
		77085C0031E13E82A9800061 /* Pods-Github StargazersTests.debug.xcconfig */ = {isa = PBXFileReference; includeInIndex = 1; lastKnownFileType = text.xcconfig; name = "Pods-Github StargazersTests.debug.xcconfig"; path = "Target Support Files/Pods-Github StargazersTests/Pods-Github StargazersTests.debug.xcconfig"; sourceTree = "<group>"; };
		77FA76D9C76FF22188086E5A /* Pods-Github Stargazers.debug.xcconfig */ = {isa = PBXFileReference; includeInIndex = 1; lastKnownFileType = text.xcconfig; name = "Pods-Github Stargazers.debug.xcconfig"; path = "Target Support Files/Pods-Github Stargazers/Pods-Github Stargazers.debug.xcconfig"; sourceTree = "<group>"; };
		A47206BE4731368B550EEC17 /* Pods-Github Stargazers.release.xcconfig */ = {isa = PBXFileReference; includeInIndex = 1; lastKnownFileType = text.xcconfig; name = "Pods-Github Stargazers.release.xcconfig"; path = "Target Support Files/Pods-Github Stargazers/Pods-Github Stargazers.release.xcconfig"; sourceTree = "<group>"; };
		BFEBE93B66493B19BE3C8FA7 /* Pods-Github Stargazers-Github StargazersUITests.debug.xcconfig */ = {isa = PBXFileReference; includeInIndex = 1; lastKnownFileType = text.xcconfig; name = "Pods-Github Stargazers-Github StargazersUITests.debug.xcconfig"; path = "Target Support Files/Pods-Github Stargazers-Github StargazersUITests/Pods-Github Stargazers-Github StargazersUITests.debug.xcconfig"; sourceTree = "<group>"; };
		C7697F2073000EAC3F632AE5 /* Pods_Github_Stargazers_Github_StargazersUITests.framework */ = {isa = PBXFileReference; explicitFileType = wrapper.framework; includeInIndex = 0; path = Pods_Github_Stargazers_Github_StargazersUITests.framework; sourceTree = BUILT_PRODUCTS_DIR; };
		D7487A7E49294BF819898E04 /* Pods_Github_StargazersTests.framework */ = {isa = PBXFileReference; explicitFileType = wrapper.framework; includeInIndex = 0; path = Pods_Github_StargazersTests.framework; sourceTree = BUILT_PRODUCTS_DIR; };
		F671D64CF5CC4D0D22467E9E /* Pods_Github_Stargazers.framework */ = {isa = PBXFileReference; explicitFileType = wrapper.framework; includeInIndex = 0; path = Pods_Github_Stargazers.framework; sourceTree = BUILT_PRODUCTS_DIR; };
		FAAFE9779CC5A8EC8F71ECE0 /* Pods-Github StargazersTests.release.xcconfig */ = {isa = PBXFileReference; includeInIndex = 1; lastKnownFileType = text.xcconfig; name = "Pods-Github StargazersTests.release.xcconfig"; path = "Target Support Files/Pods-Github StargazersTests/Pods-Github StargazersTests.release.xcconfig"; sourceTree = "<group>"; };
/* End PBXFileReference section */

/* Begin PBXFrameworksBuildPhase section */
		169AA866254AC468001F043F /* Frameworks */ = {
			isa = PBXFrameworksBuildPhase;
			buildActionMask = 2147483647;
			files = (
				715430D409DD91D98DDC3E66 /* Pods_Github_Stargazers.framework in Frameworks */,
			);
			runOnlyForDeploymentPostprocessing = 0;
		};
		169AA87C254AC469001F043F /* Frameworks */ = {
			isa = PBXFrameworksBuildPhase;
			buildActionMask = 2147483647;
			files = (
				68E7F370B3E258275105D969 /* Pods_Github_StargazersTests.framework in Frameworks */,
			);
			runOnlyForDeploymentPostprocessing = 0;
		};
		169AA887254AC46A001F043F /* Frameworks */ = {
			isa = PBXFrameworksBuildPhase;
			buildActionMask = 2147483647;
			files = (
				B281028B333815D1564D7D92 /* Pods_Github_Stargazers_Github_StargazersUITests.framework in Frameworks */,
			);
			runOnlyForDeploymentPostprocessing = 0;
		};
/* End PBXFrameworksBuildPhase section */

/* Begin PBXGroup section */
		169AA860254AC468001F043F = {
			isa = PBXGroup;
			children = (
				169AA86B254AC468001F043F /* Github Stargazers */,
				169AA882254AC469001F043F /* Github StargazersTests */,
				169AA88D254AC46A001F043F /* Github StargazersUITests */,
				169AA86A254AC468001F043F /* Products */,
				8C40E21906D04F041C30AAE5 /* Pods */,
				9B33AD7D3CD24CD3FB44834B /* Frameworks */,
			);
			sourceTree = "<group>";
		};
		169AA86A254AC468001F043F /* Products */ = {
			isa = PBXGroup;
			children = (
				169AA869254AC468001F043F /* Github Stargazers.app */,
				169AA87F254AC469001F043F /* Github StargazersTests.xctest */,
				169AA88A254AC46A001F043F /* Github StargazersUITests.xctest */,
			);
			name = Products;
			sourceTree = "<group>";
		};
		169AA86B254AC468001F043F /* Github Stargazers */ = {
			isa = PBXGroup;
			children = (
				16A6ED5D254AF3DC00E54F1A /* Model */,
				16AB1F52254AD20A00CAA7A9 /* Controller */,
				16AB1F51254AD1F000CAA7A9 /* View */,
				169AA875254AC469001F043F /* Assets.xcassets */,
				169AA87A254AC469001F043F /* Info.plist */,
			);
			path = "Github Stargazers";
			sourceTree = "<group>";
		};
		169AA882254AC469001F043F /* Github StargazersTests */ = {
			isa = PBXGroup;
			children = (
				169AA883254AC469001F043F /* Github_StargazersTests.swift */,
				169AA885254AC469001F043F /* Info.plist */,
			);
			path = "Github StargazersTests";
			sourceTree = "<group>";
		};
		169AA88D254AC46A001F043F /* Github StargazersUITests */ = {
			isa = PBXGroup;
			children = (
				169AA88E254AC46A001F043F /* Github_StargazersUITests.swift */,
				169AA890254AC46A001F043F /* Info.plist */,
			);
			path = "Github StargazersUITests";
			sourceTree = "<group>";
		};
		16A6ED5D254AF3DC00E54F1A /* Model */ = {
			isa = PBXGroup;
			children = (
				16A6ED5E254AF3F000E54F1A /* User.swift */,
			);
			path = Model;
			sourceTree = "<group>";
		};
		16AB1F51254AD1F000CAA7A9 /* View */ = {
			isa = PBXGroup;
			children = (
				169AA877254AC469001F043F /* LaunchScreen.storyboard */,
				169AA872254AC469001F043F /* Main.storyboard */,
			);
			path = View;
			sourceTree = "<group>";
		};
		16AB1F52254AD20A00CAA7A9 /* Controller */ = {
			isa = PBXGroup;
			children = (
				169AA86C254AC468001F043F /* AppDelegate.swift */,
				169AA86E254AC468001F043F /* SceneDelegate.swift */,
				169AA870254AC468001F043F /* SearchStargazersViewController.swift */,
				16A6ED57254AEB6700E54F1A /* StarredUsersListViewController.swift */,
			);
			path = Controller;
			sourceTree = "<group>";
		};
		8C40E21906D04F041C30AAE5 /* Pods */ = {
			isa = PBXGroup;
			children = (
				77FA76D9C76FF22188086E5A /* Pods-Github Stargazers.debug.xcconfig */,
				A47206BE4731368B550EEC17 /* Pods-Github Stargazers.release.xcconfig */,
				BFEBE93B66493B19BE3C8FA7 /* Pods-Github Stargazers-Github StargazersUITests.debug.xcconfig */,
				4665858CEF17751C8746E073 /* Pods-Github Stargazers-Github StargazersUITests.release.xcconfig */,
				77085C0031E13E82A9800061 /* Pods-Github StargazersTests.debug.xcconfig */,
				FAAFE9779CC5A8EC8F71ECE0 /* Pods-Github StargazersTests.release.xcconfig */,
			);
			path = Pods;
			sourceTree = "<group>";
		};
		9B33AD7D3CD24CD3FB44834B /* Frameworks */ = {
			isa = PBXGroup;
			children = (
				F671D64CF5CC4D0D22467E9E /* Pods_Github_Stargazers.framework */,
				C7697F2073000EAC3F632AE5 /* Pods_Github_Stargazers_Github_StargazersUITests.framework */,
				D7487A7E49294BF819898E04 /* Pods_Github_StargazersTests.framework */,
			);
			name = Frameworks;
			sourceTree = "<group>";
		};
/* End PBXGroup section */

/* Begin PBXNativeTarget section */
		169AA868254AC468001F043F /* Github Stargazers */ = {
			isa = PBXNativeTarget;
			buildConfigurationList = 169AA893254AC46A001F043F /* Build configuration list for PBXNativeTarget "Github Stargazers" */;
			buildPhases = (
				810F33798C2F1EABBDC76516 /* [CP] Check Pods Manifest.lock */,
				169AA865254AC468001F043F /* Sources */,
				169AA866254AC468001F043F /* Frameworks */,
				169AA867254AC468001F043F /* Resources */,
				570C66C067DC523094139DA5 /* [CP] Embed Pods Frameworks */,
			);
			buildRules = (
			);
			dependencies = (
			);
			name = "Github Stargazers";
			productName = "Github Stargazers";
			productReference = 169AA869254AC468001F043F /* Github Stargazers.app */;
			productType = "com.apple.product-type.application";
		};
		169AA87E254AC469001F043F /* Github StargazersTests */ = {
			isa = PBXNativeTarget;
			buildConfigurationList = 169AA896254AC46A001F043F /* Build configuration list for PBXNativeTarget "Github StargazersTests" */;
			buildPhases = (
				2812DDC3276128F72FC55EED /* [CP] Check Pods Manifest.lock */,
				169AA87B254AC469001F043F /* Sources */,
				169AA87C254AC469001F043F /* Frameworks */,
				169AA87D254AC469001F043F /* Resources */,
			);
			buildRules = (
			);
			dependencies = (
				169AA881254AC469001F043F /* PBXTargetDependency */,
			);
			name = "Github StargazersTests";
			productName = "Github StargazersTests";
			productReference = 169AA87F254AC469001F043F /* Github StargazersTests.xctest */;
			productType = "com.apple.product-type.bundle.unit-test";
		};
		169AA889254AC46A001F043F /* Github StargazersUITests */ = {
			isa = PBXNativeTarget;
			buildConfigurationList = 169AA899254AC46A001F043F /* Build configuration list for PBXNativeTarget "Github StargazersUITests" */;
			buildPhases = (
				880A4CEAAB4DE87780F90B96 /* [CP] Check Pods Manifest.lock */,
				169AA886254AC46A001F043F /* Sources */,
				169AA887254AC46A001F043F /* Frameworks */,
				169AA888254AC46A001F043F /* Resources */,
				6A2E1688D37A800E6275FCA0 /* [CP] Embed Pods Frameworks */,
			);
			buildRules = (
			);
			dependencies = (
				169AA88C254AC46A001F043F /* PBXTargetDependency */,
			);
			name = "Github StargazersUITests";
			productName = "Github StargazersUITests";
			productReference = 169AA88A254AC46A001F043F /* Github StargazersUITests.xctest */;
			productType = "com.apple.product-type.bundle.ui-testing";
		};
/* End PBXNativeTarget section */

/* Begin PBXProject section */
		169AA861254AC468001F043F /* Project object */ = {
			isa = PBXProject;
			attributes = {
				LastSwiftUpdateCheck = 1210;
				LastUpgradeCheck = 1210;
				TargetAttributes = {
					169AA868254AC468001F043F = {
						CreatedOnToolsVersion = 12.1;
					};
					169AA87E254AC469001F043F = {
						CreatedOnToolsVersion = 12.1;
						TestTargetID = 169AA868254AC468001F043F;
					};
					169AA889254AC46A001F043F = {
						CreatedOnToolsVersion = 12.1;
						TestTargetID = 169AA868254AC468001F043F;
					};
				};
			};
			buildConfigurationList = 169AA864254AC468001F043F /* Build configuration list for PBXProject "Github Stargazers" */;
			compatibilityVersion = "Xcode 9.3";
			developmentRegion = en;
			hasScannedForEncodings = 0;
			knownRegions = (
				en,
				Base,
			);
			mainGroup = 169AA860254AC468001F043F;
			productRefGroup = 169AA86A254AC468001F043F /* Products */;
			projectDirPath = "";
			projectRoot = "";
			targets = (
				169AA868254AC468001F043F /* Github Stargazers */,
				169AA87E254AC469001F043F /* Github StargazersTests */,
				169AA889254AC46A001F043F /* Github StargazersUITests */,
			);
		};
/* End PBXProject section */

/* Begin PBXResourcesBuildPhase section */
		169AA867254AC468001F043F /* Resources */ = {
			isa = PBXResourcesBuildPhase;
			buildActionMask = 2147483647;
			files = (
				169AA879254AC469001F043F /* LaunchScreen.storyboard in Resources */,
				169AA876254AC469001F043F /* Assets.xcassets in Resources */,
				169AA874254AC469001F043F /* Main.storyboard in Resources */,
			);
			runOnlyForDeploymentPostprocessing = 0;
		};
		169AA87D254AC469001F043F /* Resources */ = {
			isa = PBXResourcesBuildPhase;
			buildActionMask = 2147483647;
			files = (
			);
			runOnlyForDeploymentPostprocessing = 0;
		};
		169AA888254AC46A001F043F /* Resources */ = {
			isa = PBXResourcesBuildPhase;
			buildActionMask = 2147483647;
			files = (
			);
			runOnlyForDeploymentPostprocessing = 0;
		};
/* End PBXResourcesBuildPhase section */

/* Begin PBXShellScriptBuildPhase section */
		2812DDC3276128F72FC55EED /* [CP] Check Pods Manifest.lock */ = {
			isa = PBXShellScriptBuildPhase;
			buildActionMask = 2147483647;
			files = (
			);
			inputFileListPaths = (
			);
			inputPaths = (
				"${PODS_PODFILE_DIR_PATH}/Podfile.lock",
				"${PODS_ROOT}/Manifest.lock",
			);
			name = "[CP] Check Pods Manifest.lock";
			outputFileListPaths = (
			);
			outputPaths = (
				"$(DERIVED_FILE_DIR)/Pods-Github StargazersTests-checkManifestLockResult.txt",
			);
			runOnlyForDeploymentPostprocessing = 0;
			shellPath = /bin/sh;
			shellScript = "diff \"${PODS_PODFILE_DIR_PATH}/Podfile.lock\" \"${PODS_ROOT}/Manifest.lock\" > /dev/null\nif [ $? != 0 ] ; then\n    # print error to STDERR\n    echo \"error: The sandbox is not in sync with the Podfile.lock. Run 'pod install' or update your CocoaPods installation.\" >&2\n    exit 1\nfi\n# This output is used by Xcode 'outputs' to avoid re-running this script phase.\necho \"SUCCESS\" > \"${SCRIPT_OUTPUT_FILE_0}\"\n";
			showEnvVarsInLog = 0;
		};
		570C66C067DC523094139DA5 /* [CP] Embed Pods Frameworks */ = {
			isa = PBXShellScriptBuildPhase;
			buildActionMask = 2147483647;
			files = (
			);
			inputFileListPaths = (
				"${PODS_ROOT}/Target Support Files/Pods-Github Stargazers/Pods-Github Stargazers-frameworks-${CONFIGURATION}-input-files.xcfilelist",
			);
			name = "[CP] Embed Pods Frameworks";
			outputFileListPaths = (
				"${PODS_ROOT}/Target Support Files/Pods-Github Stargazers/Pods-Github Stargazers-frameworks-${CONFIGURATION}-output-files.xcfilelist",
			);
			runOnlyForDeploymentPostprocessing = 0;
			shellPath = /bin/sh;
			shellScript = "\"${PODS_ROOT}/Target Support Files/Pods-Github Stargazers/Pods-Github Stargazers-frameworks.sh\"\n";
			showEnvVarsInLog = 0;
		};
		6A2E1688D37A800E6275FCA0 /* [CP] Embed Pods Frameworks */ = {
			isa = PBXShellScriptBuildPhase;
			buildActionMask = 2147483647;
			files = (
			);
			inputFileListPaths = (
				"${PODS_ROOT}/Target Support Files/Pods-Github Stargazers-Github StargazersUITests/Pods-Github Stargazers-Github StargazersUITests-frameworks-${CONFIGURATION}-input-files.xcfilelist",
			);
			name = "[CP] Embed Pods Frameworks";
			outputFileListPaths = (
				"${PODS_ROOT}/Target Support Files/Pods-Github Stargazers-Github StargazersUITests/Pods-Github Stargazers-Github StargazersUITests-frameworks-${CONFIGURATION}-output-files.xcfilelist",
			);
			runOnlyForDeploymentPostprocessing = 0;
			shellPath = /bin/sh;
			shellScript = "\"${PODS_ROOT}/Target Support Files/Pods-Github Stargazers-Github StargazersUITests/Pods-Github Stargazers-Github StargazersUITests-frameworks.sh\"\n";
			showEnvVarsInLog = 0;
		};
		810F33798C2F1EABBDC76516 /* [CP] Check Pods Manifest.lock */ = {
			isa = PBXShellScriptBuildPhase;
			buildActionMask = 2147483647;
			files = (
			);
			inputFileListPaths = (
			);
			inputPaths = (
				"${PODS_PODFILE_DIR_PATH}/Podfile.lock",
				"${PODS_ROOT}/Manifest.lock",
			);
			name = "[CP] Check Pods Manifest.lock";
			outputFileListPaths = (
			);
			outputPaths = (
				"$(DERIVED_FILE_DIR)/Pods-Github Stargazers-checkManifestLockResult.txt",
			);
			runOnlyForDeploymentPostprocessing = 0;
			shellPath = /bin/sh;
			shellScript = "diff \"${PODS_PODFILE_DIR_PATH}/Podfile.lock\" \"${PODS_ROOT}/Manifest.lock\" > /dev/null\nif [ $? != 0 ] ; then\n    # print error to STDERR\n    echo \"error: The sandbox is not in sync with the Podfile.lock. Run 'pod install' or update your CocoaPods installation.\" >&2\n    exit 1\nfi\n# This output is used by Xcode 'outputs' to avoid re-running this script phase.\necho \"SUCCESS\" > \"${SCRIPT_OUTPUT_FILE_0}\"\n";
			showEnvVarsInLog = 0;
		};
		880A4CEAAB4DE87780F90B96 /* [CP] Check Pods Manifest.lock */ = {
			isa = PBXShellScriptBuildPhase;
			buildActionMask = 2147483647;
			files = (
			);
			inputFileListPaths = (
			);
			inputPaths = (
				"${PODS_PODFILE_DIR_PATH}/Podfile.lock",
				"${PODS_ROOT}/Manifest.lock",
			);
			name = "[CP] Check Pods Manifest.lock";
			outputFileListPaths = (
			);
			outputPaths = (
				"$(DERIVED_FILE_DIR)/Pods-Github Stargazers-Github StargazersUITests-checkManifestLockResult.txt",
			);
			runOnlyForDeploymentPostprocessing = 0;
			shellPath = /bin/sh;
			shellScript = "diff \"${PODS_PODFILE_DIR_PATH}/Podfile.lock\" \"${PODS_ROOT}/Manifest.lock\" > /dev/null\nif [ $? != 0 ] ; then\n    # print error to STDERR\n    echo \"error: The sandbox is not in sync with the Podfile.lock. Run 'pod install' or update your CocoaPods installation.\" >&2\n    exit 1\nfi\n# This output is used by Xcode 'outputs' to avoid re-running this script phase.\necho \"SUCCESS\" > \"${SCRIPT_OUTPUT_FILE_0}\"\n";
			showEnvVarsInLog = 0;
		};
/* End PBXShellScriptBuildPhase section */

/* Begin PBXSourcesBuildPhase section */
		169AA865254AC468001F043F /* Sources */ = {
			isa = PBXSourcesBuildPhase;
			buildActionMask = 2147483647;
			files = (
				169AA871254AC468001F043F /* SearchStargazersViewController.swift in Sources */,
				16A6ED58254AEB6700E54F1A /* StarredUsersListViewController.swift in Sources */,
				169AA86D254AC468001F043F /* AppDelegate.swift in Sources */,
				16A6ED5F254AF3F000E54F1A /* User.swift in Sources */,
				169AA86F254AC468001F043F /* SceneDelegate.swift in Sources */,
			);
			runOnlyForDeploymentPostprocessing = 0;
		};
		169AA87B254AC469001F043F /* Sources */ = {
			isa = PBXSourcesBuildPhase;
			buildActionMask = 2147483647;
			files = (
				169AA884254AC469001F043F /* Github_StargazersTests.swift in Sources */,
			);
			runOnlyForDeploymentPostprocessing = 0;
		};
		169AA886254AC46A001F043F /* Sources */ = {
			isa = PBXSourcesBuildPhase;
			buildActionMask = 2147483647;
			files = (
				169AA88F254AC46A001F043F /* Github_StargazersUITests.swift in Sources */,
			);
			runOnlyForDeploymentPostprocessing = 0;
		};
/* End PBXSourcesBuildPhase section */

/* Begin PBXTargetDependency section */
		169AA881254AC469001F043F /* PBXTargetDependency */ = {
			isa = PBXTargetDependency;
			target = 169AA868254AC468001F043F /* Github Stargazers */;
			targetProxy = 169AA880254AC469001F043F /* PBXContainerItemProxy */;
		};
		169AA88C254AC46A001F043F /* PBXTargetDependency */ = {
			isa = PBXTargetDependency;
			target = 169AA868254AC468001F043F /* Github Stargazers */;
			targetProxy = 169AA88B254AC46A001F043F /* PBXContainerItemProxy */;
		};
/* End PBXTargetDependency section */

/* Begin PBXVariantGroup section */
		169AA872254AC469001F043F /* Main.storyboard */ = {
			isa = PBXVariantGroup;
			children = (
				169AA873254AC469001F043F /* Base */,
			);
			name = Main.storyboard;
			sourceTree = "<group>";
		};
		169AA877254AC469001F043F /* LaunchScreen.storyboard */ = {
			isa = PBXVariantGroup;
			children = (
				169AA878254AC469001F043F /* Base */,
			);
			name = LaunchScreen.storyboard;
			sourceTree = "<group>";
		};
/* End PBXVariantGroup section */

/* Begin XCBuildConfiguration section */
		169AA891254AC46A001F043F /* Debug */ = {
			isa = XCBuildConfiguration;
			buildSettings = {
				ALWAYS_SEARCH_USER_PATHS = NO;
				CLANG_ANALYZER_NONNULL = YES;
				CLANG_ANALYZER_NUMBER_OBJECT_CONVERSION = YES_AGGRESSIVE;
				CLANG_CXX_LANGUAGE_STANDARD = "gnu++14";
				CLANG_CXX_LIBRARY = "libc++";
				CLANG_ENABLE_MODULES = YES;
				CLANG_ENABLE_OBJC_ARC = YES;
				CLANG_ENABLE_OBJC_WEAK = YES;
				CLANG_WARN_BLOCK_CAPTURE_AUTORELEASING = YES;
				CLANG_WARN_BOOL_CONVERSION = YES;
				CLANG_WARN_COMMA = YES;
				CLANG_WARN_CONSTANT_CONVERSION = YES;
				CLANG_WARN_DEPRECATED_OBJC_IMPLEMENTATIONS = YES;
				CLANG_WARN_DIRECT_OBJC_ISA_USAGE = YES_ERROR;
				CLANG_WARN_DOCUMENTATION_COMMENTS = YES;
				CLANG_WARN_EMPTY_BODY = YES;
				CLANG_WARN_ENUM_CONVERSION = YES;
				CLANG_WARN_INFINITE_RECURSION = YES;
				CLANG_WARN_INT_CONVERSION = YES;
				CLANG_WARN_NON_LITERAL_NULL_CONVERSION = YES;
				CLANG_WARN_OBJC_IMPLICIT_RETAIN_SELF = YES;
				CLANG_WARN_OBJC_LITERAL_CONVERSION = YES;
				CLANG_WARN_OBJC_ROOT_CLASS = YES_ERROR;
				CLANG_WARN_QUOTED_INCLUDE_IN_FRAMEWORK_HEADER = YES;
				CLANG_WARN_RANGE_LOOP_ANALYSIS = YES;
				CLANG_WARN_STRICT_PROTOTYPES = YES;
				CLANG_WARN_SUSPICIOUS_MOVE = YES;
				CLANG_WARN_UNGUARDED_AVAILABILITY = YES_AGGRESSIVE;
				CLANG_WARN_UNREACHABLE_CODE = YES;
				CLANG_WARN__DUPLICATE_METHOD_MATCH = YES;
				COPY_PHASE_STRIP = NO;
				DEBUG_INFORMATION_FORMAT = dwarf;
				ENABLE_STRICT_OBJC_MSGSEND = YES;
				ENABLE_TESTABILITY = YES;
				GCC_C_LANGUAGE_STANDARD = gnu11;
				GCC_DYNAMIC_NO_PIC = NO;
				GCC_NO_COMMON_BLOCKS = YES;
				GCC_OPTIMIZATION_LEVEL = 0;
				GCC_PREPROCESSOR_DEFINITIONS = (
					"DEBUG=1",
					"$(inherited)",
				);
				GCC_WARN_64_TO_32_BIT_CONVERSION = YES;
				GCC_WARN_ABOUT_RETURN_TYPE = YES_ERROR;
				GCC_WARN_UNDECLARED_SELECTOR = YES;
				GCC_WARN_UNINITIALIZED_AUTOS = YES_AGGRESSIVE;
				GCC_WARN_UNUSED_FUNCTION = YES;
				GCC_WARN_UNUSED_VARIABLE = YES;
				IPHONEOS_DEPLOYMENT_TARGET = 14.1;
				MTL_ENABLE_DEBUG_INFO = INCLUDE_SOURCE;
				MTL_FAST_MATH = YES;
				ONLY_ACTIVE_ARCH = YES;
				SDKROOT = iphoneos;
				SWIFT_ACTIVE_COMPILATION_CONDITIONS = DEBUG;
				SWIFT_OPTIMIZATION_LEVEL = "-Onone";
			};
			name = Debug;
		};
		169AA892254AC46A001F043F /* Release */ = {
			isa = XCBuildConfiguration;
			buildSettings = {
				ALWAYS_SEARCH_USER_PATHS = NO;
				CLANG_ANALYZER_NONNULL = YES;
				CLANG_ANALYZER_NUMBER_OBJECT_CONVERSION = YES_AGGRESSIVE;
				CLANG_CXX_LANGUAGE_STANDARD = "gnu++14";
				CLANG_CXX_LIBRARY = "libc++";
				CLANG_ENABLE_MODULES = YES;
				CLANG_ENABLE_OBJC_ARC = YES;
				CLANG_ENABLE_OBJC_WEAK = YES;
				CLANG_WARN_BLOCK_CAPTURE_AUTORELEASING = YES;
				CLANG_WARN_BOOL_CONVERSION = YES;
				CLANG_WARN_COMMA = YES;
				CLANG_WARN_CONSTANT_CONVERSION = YES;
				CLANG_WARN_DEPRECATED_OBJC_IMPLEMENTATIONS = YES;
				CLANG_WARN_DIRECT_OBJC_ISA_USAGE = YES_ERROR;
				CLANG_WARN_DOCUMENTATION_COMMENTS = YES;
				CLANG_WARN_EMPTY_BODY = YES;
				CLANG_WARN_ENUM_CONVERSION = YES;
				CLANG_WARN_INFINITE_RECURSION = YES;
				CLANG_WARN_INT_CONVERSION = YES;
				CLANG_WARN_NON_LITERAL_NULL_CONVERSION = YES;
				CLANG_WARN_OBJC_IMPLICIT_RETAIN_SELF = YES;
				CLANG_WARN_OBJC_LITERAL_CONVERSION = YES;
				CLANG_WARN_OBJC_ROOT_CLASS = YES_ERROR;
				CLANG_WARN_QUOTED_INCLUDE_IN_FRAMEWORK_HEADER = YES;
				CLANG_WARN_RANGE_LOOP_ANALYSIS = YES;
				CLANG_WARN_STRICT_PROTOTYPES = YES;
				CLANG_WARN_SUSPICIOUS_MOVE = YES;
				CLANG_WARN_UNGUARDED_AVAILABILITY = YES_AGGRESSIVE;
				CLANG_WARN_UNREACHABLE_CODE = YES;
				CLANG_WARN__DUPLICATE_METHOD_MATCH = YES;
				COPY_PHASE_STRIP = NO;
				DEBUG_INFORMATION_FORMAT = "dwarf-with-dsym";
				ENABLE_NS_ASSERTIONS = NO;
				ENABLE_STRICT_OBJC_MSGSEND = YES;
				GCC_C_LANGUAGE_STANDARD = gnu11;
				GCC_NO_COMMON_BLOCKS = YES;
				GCC_WARN_64_TO_32_BIT_CONVERSION = YES;
				GCC_WARN_ABOUT_RETURN_TYPE = YES_ERROR;
				GCC_WARN_UNDECLARED_SELECTOR = YES;
				GCC_WARN_UNINITIALIZED_AUTOS = YES_AGGRESSIVE;
				GCC_WARN_UNUSED_FUNCTION = YES;
				GCC_WARN_UNUSED_VARIABLE = YES;
				IPHONEOS_DEPLOYMENT_TARGET = 14.1;
				MTL_ENABLE_DEBUG_INFO = NO;
				MTL_FAST_MATH = YES;
				SDKROOT = iphoneos;
				SWIFT_COMPILATION_MODE = wholemodule;
				SWIFT_OPTIMIZATION_LEVEL = "-O";
				VALIDATE_PRODUCT = YES;
			};
			name = Release;
		};
		169AA894254AC46A001F043F /* Debug */ = {
			isa = XCBuildConfiguration;
			baseConfigurationReference = 77FA76D9C76FF22188086E5A /* Pods-Github Stargazers.debug.xcconfig */;
			buildSettings = {
				ASSETCATALOG_COMPILER_APPICON_NAME = AppIcon;
				ASSETCATALOG_COMPILER_GLOBAL_ACCENT_COLOR_NAME = AccentColor;
				CODE_SIGN_STYLE = Automatic;
				DEVELOPMENT_TEAM = D25KP5FZHX;
				INFOPLIST_FILE = "Github Stargazers/Info.plist";
				LD_RUNPATH_SEARCH_PATHS = (
					"$(inherited)",
					"@executable_path/Frameworks",
				);
				PRODUCT_BUNDLE_IDENTIFIER = "com.amancino.Github-Stargazers";
				PRODUCT_NAME = "$(TARGET_NAME)";
				SWIFT_VERSION = 5.0;
				TARGETED_DEVICE_FAMILY = 1;
			};
			name = Debug;
		};
		169AA895254AC46A001F043F /* Release */ = {
			isa = XCBuildConfiguration;
			baseConfigurationReference = A47206BE4731368B550EEC17 /* Pods-Github Stargazers.release.xcconfig */;
			buildSettings = {
				ASSETCATALOG_COMPILER_APPICON_NAME = AppIcon;
				ASSETCATALOG_COMPILER_GLOBAL_ACCENT_COLOR_NAME = AccentColor;
				CODE_SIGN_STYLE = Automatic;
				DEVELOPMENT_TEAM = D25KP5FZHX;
				INFOPLIST_FILE = "Github Stargazers/Info.plist";
				LD_RUNPATH_SEARCH_PATHS = (
					"$(inherited)",
					"@executable_path/Frameworks",
				);
				PRODUCT_BUNDLE_IDENTIFIER = "com.amancino.Github-Stargazers";
				PRODUCT_NAME = "$(TARGET_NAME)";
				SWIFT_VERSION = 5.0;
				TARGETED_DEVICE_FAMILY = 1;
			};
			name = Release;
		};
		169AA897254AC46A001F043F /* Debug */ = {
			isa = XCBuildConfiguration;
			baseConfigurationReference = 77085C0031E13E82A9800061 /* Pods-Github StargazersTests.debug.xcconfig */;
			buildSettings = {
				ALWAYS_EMBED_SWIFT_STANDARD_LIBRARIES = YES;
				BUNDLE_LOADER = "$(TEST_HOST)";
				CODE_SIGN_STYLE = Automatic;
				DEVELOPMENT_TEAM = D25KP5FZHX;
				INFOPLIST_FILE = "Github StargazersTests/Info.plist";
				IPHONEOS_DEPLOYMENT_TARGET = 14.1;
				LD_RUNPATH_SEARCH_PATHS = (
					"$(inherited)",
					"@executable_path/Frameworks",
					"@loader_path/Frameworks",
				);
				PRODUCT_BUNDLE_IDENTIFIER = "com.amancino.Github-StargazersTests";
				PRODUCT_NAME = "$(TARGET_NAME)";
				SWIFT_VERSION = 5.0;
				TARGETED_DEVICE_FAMILY = "1,2";
				TEST_HOST = "$(BUILT_PRODUCTS_DIR)/Github Stargazers.app/Github Stargazers";
			};
			name = Debug;
		};
		169AA898254AC46A001F043F /* Release */ = {
			isa = XCBuildConfiguration;
			baseConfigurationReference = FAAFE9779CC5A8EC8F71ECE0 /* Pods-Github StargazersTests.release.xcconfig */;
			buildSettings = {
				ALWAYS_EMBED_SWIFT_STANDARD_LIBRARIES = YES;
				BUNDLE_LOADER = "$(TEST_HOST)";
				CODE_SIGN_STYLE = Automatic;
				DEVELOPMENT_TEAM = D25KP5FZHX;
				INFOPLIST_FILE = "Github StargazersTests/Info.plist";
				IPHONEOS_DEPLOYMENT_TARGET = 14.1;
				LD_RUNPATH_SEARCH_PATHS = (
					"$(inherited)",
					"@executable_path/Frameworks",
					"@loader_path/Frameworks",
				);
				PRODUCT_BUNDLE_IDENTIFIER = "com.amancino.Github-StargazersTests";
				PRODUCT_NAME = "$(TARGET_NAME)";
				SWIFT_VERSION = 5.0;
				TARGETED_DEVICE_FAMILY = "1,2";
				TEST_HOST = "$(BUILT_PRODUCTS_DIR)/Github Stargazers.app/Github Stargazers";
			};
			name = Release;
		};
		169AA89A254AC46A001F043F /* Debug */ = {
			isa = XCBuildConfiguration;
			baseConfigurationReference = BFEBE93B66493B19BE3C8FA7 /* Pods-Github Stargazers-Github StargazersUITests.debug.xcconfig */;
			buildSettings = {
				ALWAYS_EMBED_SWIFT_STANDARD_LIBRARIES = YES;
				CODE_SIGN_STYLE = Automatic;
				DEVELOPMENT_TEAM = D25KP5FZHX;
				INFOPLIST_FILE = "Github StargazersUITests/Info.plist";
				LD_RUNPATH_SEARCH_PATHS = (
					"$(inherited)",
					"@executable_path/Frameworks",
					"@loader_path/Frameworks",
				);
				PRODUCT_BUNDLE_IDENTIFIER = "com.amancino.Github-StargazersUITests";
				PRODUCT_NAME = "$(TARGET_NAME)";
				SWIFT_VERSION = 5.0;
				TARGETED_DEVICE_FAMILY = "1,2";
				TEST_TARGET_NAME = "Github Stargazers";
			};
			name = Debug;
		};
		169AA89B254AC46A001F043F /* Release */ = {
			isa = XCBuildConfiguration;
			baseConfigurationReference = 4665858CEF17751C8746E073 /* Pods-Github Stargazers-Github StargazersUITests.release.xcconfig */;
			buildSettings = {
				ALWAYS_EMBED_SWIFT_STANDARD_LIBRARIES = YES;
				CODE_SIGN_STYLE = Automatic;
				DEVELOPMENT_TEAM = D25KP5FZHX;
				INFOPLIST_FILE = "Github StargazersUITests/Info.plist";
				LD_RUNPATH_SEARCH_PATHS = (
					"$(inherited)",
					"@executable_path/Frameworks",
					"@loader_path/Frameworks",
				);
				PRODUCT_BUNDLE_IDENTIFIER = "com.amancino.Github-StargazersUITests";
				PRODUCT_NAME = "$(TARGET_NAME)";
				SWIFT_VERSION = 5.0;
				TARGETED_DEVICE_FAMILY = "1,2";
				TEST_TARGET_NAME = "Github Stargazers";
			};
			name = Release;
		};
/* End XCBuildConfiguration section */

/* Begin XCConfigurationList section */
		169AA864254AC468001F043F /* Build configuration list for PBXProject "Github Stargazers" */ = {
			isa = XCConfigurationList;
			buildConfigurations = (
				169AA891254AC46A001F043F /* Debug */,
				169AA892254AC46A001F043F /* Release */,
			);
			defaultConfigurationIsVisible = 0;
			defaultConfigurationName = Release;
		};
		169AA893254AC46A001F043F /* Build configuration list for PBXNativeTarget "Github Stargazers" */ = {
			isa = XCConfigurationList;
			buildConfigurations = (
				169AA894254AC46A001F043F /* Debug */,
				169AA895254AC46A001F043F /* Release */,
			);
			defaultConfigurationIsVisible = 0;
			defaultConfigurationName = Release;
		};
		169AA896254AC46A001F043F /* Build configuration list for PBXNativeTarget "Github StargazersTests" */ = {
			isa = XCConfigurationList;
			buildConfigurations = (
				169AA897254AC46A001F043F /* Debug */,
				169AA898254AC46A001F043F /* Release */,
			);
			defaultConfigurationIsVisible = 0;
			defaultConfigurationName = Release;
		};
		169AA899254AC46A001F043F /* Build configuration list for PBXNativeTarget "Github StargazersUITests" */ = {
			isa = XCConfigurationList;
			buildConfigurations = (
				169AA89A254AC46A001F043F /* Debug */,
				169AA89B254AC46A001F043F /* Release */,
			);
			defaultConfigurationIsVisible = 0;
			defaultConfigurationName = Release;
		};
/* End XCConfigurationList section */
	};
	rootObject = 169AA861254AC468001F043F /* Project object */;
}
